
Microsoft Visual Studio Solution File, Format Version 12.00
# Visual Studio Version 17
VisualStudioVersion = 17.14.36915.13 d17.14
MinimumVisualStudioVersion = 10.0.40219.1
Project("{FAE04EC0-301F-11D3-BF4B-00C04F79EFBC}") = "SecureVault", "SecureVault.csproj", "{A4B5FD16-BD20-4F28-8786-09064EA408EB}"
EndProject
Global
	GlobalSection(SolutionConfigurationPlatforms) = preSolution
		Debug|Any CPU = Debug|Any CPU
		Release|Any CPU = Release|Any CPU
	EndGlobalSection
	GlobalSection(ProjectConfigurationPlatforms) = postSolution
		{A4B5FD16-BD20-4F28-8786-09064EA408EB}.Debug|Any CPU.ActiveCfg = Debug|Any CPU
		{A4B5FD16-BD20-4F28-8786-09064EA408EB}.Debug|Any CPU.Build.0 = Debug|Any CPU
		{A4B5FD16-BD20-4F28-8786-09064EA408EB}.Release|Any CPU.ActiveCfg = Release|Any CPU
		{A4B5FD16-BD20-4F28-8786-09064EA408EB}.Release|Any CPU.Build.0 = Release|Any CPU
	EndGlobalSection
	GlobalSection(SolutionProperties) = preSolution
		HideSolutionNode = FALSE
	EndGlobalSection
	GlobalSection(ExtensibilityGlobals) = postSolution
		SolutionGuid = {9863BE1E-8DAD-43E8-96BE-A5C6E9957D79}
	EndGlobalSection
EndGlobal
